
Microsoft Visual Studio Solution File, Format Version 12.00
# Visual Studio 15
Project("{FAE04EC0-301F-11D3-BF4B-00C04F79EFBC}") = "VRMShaders.VRM10.MToon10.Runtime", "VRMShaders.VRM10.MToon10.Runtime.csproj", "{D20A76BF-33A2-8CF2-E2DE-AAFA76DF9827}"
EndProject
Project("{FAE04EC0-301F-11D3-BF4B-00C04F79EFBC}") = "UniHumanoid", "UniHumanoid.csproj", "{DCA3CFA2-64E9-087B-2421-581F75D47318}"
EndProject
Project("{FAE04EC0-301F-11D3-BF4B-00C04F79EFBC}") = "VRMShaders.GLTF.IO.Runtime", "VRMShaders.GLTF.IO.Runtime.csproj", "{40E4316B-6E30-EF8D-AA10-BFE542C452E3}"
EndProject
Project("{FAE04EC0-301F-11D3-BF4B-00C04F79EFBC}") = "UniGLTF", "UniGLTF.csproj", "{C733C94E-E9EE-E266-9ECA-255FF7E0C765}"
EndProject
Project("{FAE04EC0-301F-11D3-BF4B-00C04F79EFBC}") = "VRM", "VRM.csproj", "{0485B4CF-F15E-B256-C264-152BB2BFB865}"
EndProject
Project("{FAE04EC0-301F-11D3-BF4B-00C04F79EFBC}") = "FastSpringBone", "FastSpringBone.csproj", "{F3671675-6007-C0EB-288E-3C89F47CE9AB}"
EndProject
Project("{FAE04EC0-301F-11D3-BF4B-00C04F79EFBC}") = "VRMShaders.GLTF.UniUnlit.Editor", "VRMShaders.GLTF.UniUnlit.Editor.csproj", "{D8EC5854-825F-92DB-79D9-2B769CC81F8C}"
EndProject
Project("{FAE04EC0-301F-11D3-BF4B-00C04F79EFBC}") = "UniGLTF.Tests", "UniGLTF.Tests.csproj", "{1ED618C7-9741-8DAB-0823-7F9C0EB49A41}"
EndProject
Project("{FAE04EC0-301F-11D3-BF4B-00C04F79EFBC}") = "UniGLTF.Editor", "UniGLTF.Editor.csproj", "{BC85964D-93B8-E6CC-D35B-AA8E03893C4C}"
EndProject
Project("{FAE04EC0-301F-11D3-BF4B-00C04F79EFBC}") = "VRMShaders.GLTF.IO.Editor", "VRMShaders.GLTF.IO.Editor.csproj", "{857732C4-BAE4-DB3D-FEA8-70BA1B13E2D3}"
EndProject
Project("{FAE04EC0-301F-11D3-BF4B-00C04F79EFBC}") = "UniVRM.Editor", "UniVRM.Editor.csproj", "{54BAC066-6729-72D4-8C5E-7DAAB052543E}"
EndProject
Project("{FAE04EC0-301F-11D3-BF4B-00C04F79EFBC}") = "VRMShaders.GLTF.IO.Tests", "VRMShaders.GLTF.IO.Tests.csproj", "{505C9EC8-CE66-79C5-3C1A-78751102486A}"
EndProject
Project("{FAE04EC0-301F-11D3-BF4B-00C04F79EFBC}") = "VRM.Tests", "VRM.Tests.csproj", "{FF73E41C-F4DB-0DD9-99A7-F10E51615E8F}"
EndProject
Project("{FAE04EC0-301F-11D3-BF4B-00C04F79EFBC}") = "UniHumanoid.Editor", "UniHumanoid.Editor.csproj", "{1334531E-9FA8-E27D-905E-B9E8D945BB77}"
EndProject
Project("{FAE04EC0-301F-11D3-BF4B-00C04F79EFBC}") = "MToon", "MToon.csproj", "{5AEDD01B-7FE8-DB99-5F1A-38FFA03FA4D6}"
EndProject
Project("{FAE04EC0-301F-11D3-BF4B-00C04F79EFBC}") = "VRM.Samples.Editor.Tests", "VRM.Samples.Editor.Tests.csproj", "{97CDBB0A-E1CC-3EE5-BD6F-F09F6B2D3F96}"
EndProject
Project("{FAE04EC0-301F-11D3-BF4B-00C04F79EFBC}") = "MToon.Editor", "MToon.Editor.csproj", "{E79F1773-582B-C541-9B2A-5A853514F6DF}"
EndProject
Project("{FAE04EC0-301F-11D3-BF4B-00C04F79EFBC}") = "Assembly-CSharp", "Assembly-CSharp.csproj", "{8B41974B-1A7C-9D81-7AAA-B517040600BF}"
EndProject
Project("{FAE04EC0-301F-11D3-BF4B-00C04F79EFBC}") = "VRMShaders.VRM10.MToon10.Editor", "VRMShaders.VRM10.MToon10.Editor.csproj", "{5191BA53-EDC0-FE0B-1CC5-85855C908E8F}"
EndProject
Project("{FAE04EC0-301F-11D3-BF4B-00C04F79EFBC}") = "UniHumanoid.Editor.Tests", "UniHumanoid.Editor.Tests.csproj", "{7A208466-129C-BAD9-F0DE-8D907AAB9B7B}"
EndProject
Project("{FAE04EC0-301F-11D3-BF4B-00C04F79EFBC}") = "UniGLTF.Utils", "UniGLTF.Utils.csproj", "{6CD19586-271B-A48B-AC4E-AAED0400E8F6}"
EndProject
Project("{FAE04EC0-301F-11D3-BF4B-00C04F79EFBC}") = "VRMShaders.VRM.IO.Runtime", "VRMShaders.VRM.IO.Runtime.csproj", "{543E47B7-85D6-C9A9-50DB-AE68F6D79F1B}"
EndProject
Project("{FAE04EC0-301F-11D3-BF4B-00C04F79EFBC}") = "VRMShaders.VRM10.Format.Runtime", "VRMShaders.VRM10.Format.Runtime.csproj", "{96779465-776E-77A5-0867-867F88CF15BC}"
EndProject
Project("{FAE04EC0-301F-11D3-BF4B-00C04F79EFBC}") = "VRMShaders.VRM10.MToon10.Tests", "VRMShaders.VRM10.MToon10.Tests.csproj", "{B3894FC4-7563-CBFD-6E49-7419C762A8DC}"
EndProject
Project("{FAE04EC0-301F-11D3-BF4B-00C04F79EFBC}") = "VRMShaders.GLTF.UniUnlit.Runtime", "VRMShaders.GLTF.UniUnlit.Runtime.csproj", "{BE110401-24C0-9B17-0227-51C63F2222BB}"
EndProject
Project("{FAE04EC0-301F-11D3-BF4B-00C04F79EFBC}") = "Assembly-CSharp-Editor", "Assembly-CSharp-Editor.csproj", "{36D1C858-943D-1751-A3AE-F810ED972D4D}"
EndProject
Global
	GlobalSection(SolutionConfigurationPlatforms) = preSolution
		Debug|Any CPU = Debug|Any CPU
		Release|Any CPU = Release|Any CPU
	EndGlobalSection
	GlobalSection(ProjectConfigurationPlatforms) = postSolution
		{D20A76BF-33A2-8CF2-E2DE-AAFA76DF9827}.Debug|Any CPU.ActiveCfg = Debug|Any CPU
		{D20A76BF-33A2-8CF2-E2DE-AAFA76DF9827}.Debug|Any CPU.Build.0 = Debug|Any CPU
		{D20A76BF-33A2-8CF2-E2DE-AAFA76DF9827}.Release|Any CPU.ActiveCfg = Release|Any CPU
		{D20A76BF-33A2-8CF2-E2DE-AAFA76DF9827}.Release|Any CPU.Build.0 = Release|Any CPU
		{DCA3CFA2-64E9-087B-2421-581F75D47318}.Debug|Any CPU.ActiveCfg = Debug|Any CPU
		{DCA3CFA2-64E9-087B-2421-581F75D47318}.Debug|Any CPU.Build.0 = Debug|Any CPU
		{DCA3CFA2-64E9-087B-2421-581F75D47318}.Release|Any CPU.ActiveCfg = Release|Any CPU
		{DCA3CFA2-64E9-087B-2421-581F75D47318}.Release|Any CPU.Build.0 = Release|Any CPU
		{40E4316B-6E30-EF8D-AA10-BFE542C452E3}.Debug|Any CPU.ActiveCfg = Debug|Any CPU
		{40E4316B-6E30-EF8D-AA10-BFE542C452E3}.Debug|Any CPU.Build.0 = Debug|Any CPU
		{40E4316B-6E30-EF8D-AA10-BFE542C452E3}.Release|Any CPU.ActiveCfg = Release|Any CPU
		{40E4316B-6E30-EF8D-AA10-BFE542C452E3}.Release|Any CPU.Build.0 = Release|Any CPU
		{C733C94E-E9EE-E266-9ECA-255FF7E0C765}.Debug|Any CPU.ActiveCfg = Debug|Any CPU
		{C733C94E-E9EE-E266-9ECA-255FF7E0C765}.Debug|Any CPU.Build.0 = Debug|Any CPU
		{C733C94E-E9EE-E266-9ECA-255FF7E0C765}.Release|Any CPU.ActiveCfg = Release|Any CPU
		{C733C94E-E9EE-E266-9ECA-255FF7E0C765}.Release|Any CPU.Build.0 = Release|Any CPU
		{0485B4CF-F15E-B256-C264-152BB2BFB865}.Debug|Any CPU.ActiveCfg = Debug|Any CPU
		{0485B4CF-F15E-B256-C264-152BB2BFB865}.Debug|Any CPU.Build.0 = Debug|Any CPU
		{0485B4CF-F15E-B256-C264-152BB2BFB865}.Release|Any CPU.ActiveCfg = Release|Any CPU
		{0485B4CF-F15E-B256-C264-152BB2BFB865}.Release|Any CPU.Build.0 = Release|Any CPU
		{F3671675-6007-C0EB-288E-3C89F47CE9AB}.Debug|Any CPU.ActiveCfg = Debug|Any CPU
		{F3671675-6007-C0EB-288E-3C89F47CE9AB}.Debug|Any CPU.Build.0 = Debug|Any CPU
		{F3671675-6007-C0EB-288E-3C89F47CE9AB}.Release|Any CPU.ActiveCfg = Release|Any CPU
		{F3671675-6007-C0EB-288E-3C89F47CE9AB}.Release|Any CPU.Build.0 = Release|Any CPU
		{D8EC5854-825F-92DB-79D9-2B769CC81F8C}.Debug|Any CPU.ActiveCfg = Debug|Any CPU
		{D8EC5854-825F-92DB-79D9-2B769CC81F8C}.Debug|Any CPU.Build.0 = Debug|Any CPU
		{D8EC5854-825F-92DB-79D9-2B769CC81F8C}.Release|Any CPU.ActiveCfg = Release|Any CPU
		{D8EC5854-825F-92DB-79D9-2B769CC81F8C}.Release|Any CPU.Build.0 = Release|Any CPU
		{1ED618C7-9741-8DAB-0823-7F9C0EB49A41}.Debug|Any CPU.ActiveCfg = Debug|Any CPU
		{1ED618C7-9741-8DAB-0823-7F9C0EB49A41}.Debug|Any CPU.Build.0 = Debug|Any CPU
		{1ED618C7-9741-8DAB-0823-7F9C0EB49A41}.Release|Any CPU.ActiveCfg = Release|Any CPU
		{1ED618C7-9741-8DAB-0823-7F9C0EB49A41}.Release|Any CPU.Build.0 = Release|Any CPU
		{BC85964D-93B8-E6CC-D35B-AA8E03893C4C}.Debug|Any CPU.ActiveCfg = Debug|Any CPU
		{BC85964D-93B8-E6CC-D35B-AA8E03893C4C}.Debug|Any CPU.Build.0 = Debug|Any CPU
		{BC85964D-93B8-E6CC-D35B-AA8E03893C4C}.Release|Any CPU.ActiveCfg = Release|Any CPU
		{BC85964D-93B8-E6CC-D35B-AA8E03893C4C}.Release|Any CPU.Build.0 = Release|Any CPU
		{857732C4-BAE4-DB3D-FEA8-70BA1B13E2D3}.Debug|Any CPU.ActiveCfg = Debug|Any CPU
		{857732C4-BAE4-DB3D-FEA8-70BA1B13E2D3}.Debug|Any CPU.Build.0 = Debug|Any CPU
		{857732C4-BAE4-DB3D-FEA8-70BA1B13E2D3}.Release|Any CPU.ActiveCfg = Release|Any CPU
		{857732C4-BAE4-DB3D-FEA8-70BA1B13E2D3}.Release|Any CPU.Build.0 = Release|Any CPU
		{54BAC066-6729-72D4-8C5E-7DAAB052543E}.Debug|Any CPU.ActiveCfg = Debug|Any CPU
		{54BAC066-6729-72D4-8C5E-7DAAB052543E}.Debug|Any CPU.Build.0 = Debug|Any CPU
		{54BAC066-6729-72D4-8C5E-7DAAB052543E}.Release|Any CPU.ActiveCfg = Release|Any CPU
		{54BAC066-6729-72D4-8C5E-7DAAB052543E}.Release|Any CPU.Build.0 = Release|Any CPU
		{505C9EC8-CE66-79C5-3C1A-78751102486A}.Debug|Any CPU.ActiveCfg = Debug|Any CPU
		{505C9EC8-CE66-79C5-3C1A-78751102486A}.Debug|Any CPU.Build.0 = Debug|Any CPU
		{505C9EC8-CE66-79C5-3C1A-78751102486A}.Release|Any CPU.ActiveCfg = Release|Any CPU
		{505C9EC8-CE66-79C5-3C1A-78751102486A}.Release|Any CPU.Build.0 = Release|Any CPU
		{FF73E41C-F4DB-0DD9-99A7-F10E51615E8F}.Debug|Any CPU.ActiveCfg = Debug|Any CPU
		{FF73E41C-F4DB-0DD9-99A7-F10E51615E8F}.Debug|Any CPU.Build.0 = Debug|Any CPU
		{FF73E41C-F4DB-0DD9-99A7-F10E51615E8F}.Release|Any CPU.ActiveCfg = Release|Any CPU
		{FF73E41C-F4DB-0DD9-99A7-F10E51615E8F}.Release|Any CPU.Build.0 = Release|Any CPU
		{1334531E-9FA8-E27D-905E-B9E8D945BB77}.Debug|Any CPU.ActiveCfg = Debug|Any CPU
		{1334531E-9FA8-E27D-905E-B9E8D945BB77}.Debug|Any CPU.Build.0 = Debug|Any CPU
		{1334531E-9FA8-E27D-905E-B9E8D945BB77}.Release|Any CPU.ActiveCfg = Release|Any CPU
		{1334531E-9FA8-E27D-905E-B9E8D945BB77}.Release|Any CPU.Build.0 = Release|Any CPU
		{5AEDD01B-7FE8-DB99-5F1A-38FFA03FA4D6}.Debug|Any CPU.ActiveCfg = Debug|Any CPU
		{5AEDD01B-7FE8-DB99-5F1A-38FFA03FA4D6}.Debug|Any CPU.Build.0 = Debug|Any CPU
		{5AEDD01B-7FE8-DB99-5F1A-38FFA03FA4D6}.Release|Any CPU.ActiveCfg = Release|Any CPU
		{5AEDD01B-7FE8-DB99-5F1A-38FFA03FA4D6}.Release|Any CPU.Build.0 = Release|Any CPU
		{97CDBB0A-E1CC-3EE5-BD6F-F09F6B2D3F96}.Debug|Any CPU.ActiveCfg = Debug|Any CPU
		{97CDBB0A-E1CC-3EE5-BD6F-F09F6B2D3F96}.Debug|Any CPU.Build.0 = Debug|Any CPU
		{97CDBB0A-E1CC-3EE5-BD6F-F09F6B2D3F96}.Release|Any CPU.ActiveCfg = Release|Any CPU
		{97CDBB0A-E1CC-3EE5-BD6F-F09F6B2D3F96}.Release|Any CPU.Build.0 = Release|Any CPU
		{E79F1773-582B-C541-9B2A-5A853514F6DF}.Debug|Any CPU.ActiveCfg = Debug|Any CPU
		{E79F1773-582B-C541-9B2A-5A853514F6DF}.Debug|Any CPU.Build.0 = Debug|Any CPU
		{E79F1773-582B-C541-9B2A-5A853514F6DF}.Release|Any CPU.ActiveCfg = Release|Any CPU
		{E79F1773-582B-C541-9B2A-5A853514F6DF}.Release|Any CPU.Build.0 = Release|Any CPU
		{8B41974B-1A7C-9D81-7AAA-B517040600BF}.Debug|Any CPU.ActiveCfg = Debug|Any CPU
		{8B41974B-1A7C-9D81-7AAA-B517040600BF}.Debug|Any CPU.Build.0 = Debug|Any CPU
		{8B41974B-1A7C-9D81-7AAA-B517040600BF}.Release|Any CPU.ActiveCfg = Release|Any CPU
		{8B41974B-1A7C-9D81-7AAA-B517040600BF}.Release|Any CPU.Build.0 = Release|Any CPU
		{5191BA53-EDC0-FE0B-1CC5-85855C908E8F}.Debug|Any CPU.ActiveCfg = Debug|Any CPU
		{5191BA53-EDC0-FE0B-1CC5-85855C908E8F}.Debug|Any CPU.Build.0 = Debug|Any CPU
		{5191BA53-EDC0-FE0B-1CC5-85855C908E8F}.Release|Any CPU.ActiveCfg = Release|Any CPU
		{5191BA53-EDC0-FE0B-1CC5-85855C908E8F}.Release|Any CPU.Build.0 = Release|Any CPU
		{7A208466-129C-BAD9-F0DE-8D907AAB9B7B}.Debug|Any CPU.ActiveCfg = Debug|Any CPU
		{7A208466-129C-BAD9-F0DE-8D907AAB9B7B}.Debug|Any CPU.Build.0 = Debug|Any CPU
		{7A208466-129C-BAD9-F0DE-8D907AAB9B7B}.Release|Any CPU.ActiveCfg = Release|Any CPU
		{7A208466-129C-BAD9-F0DE-8D907AAB9B7B}.Release|Any CPU.Build.0 = Release|Any CPU
		{6CD19586-271B-A48B-AC4E-AAED0400E8F6}.Debug|Any CPU.ActiveCfg = Debug|Any CPU
		{6CD19586-271B-A48B-AC4E-AAED0400E8F6}.Debug|Any CPU.Build.0 = Debug|Any CPU
		{6CD19586-271B-A48B-AC4E-AAED0400E8F6}.Release|Any CPU.ActiveCfg = Release|Any CPU
		{6CD19586-271B-A48B-AC4E-AAED0400E8F6}.Release|Any CPU.Build.0 = Release|Any CPU
		{543E47B7-85D6-C9A9-50DB-AE68F6D79F1B}.Debug|Any CPU.ActiveCfg = Debug|Any CPU
		{543E47B7-85D6-C9A9-50DB-AE68F6D79F1B}.Debug|Any CPU.Build.0 = Debug|Any CPU
		{543E47B7-85D6-C9A9-50DB-AE68F6D79F1B}.Release|Any CPU.ActiveCfg = Release|Any CPU
		{543E47B7-85D6-C9A9-50DB-AE68F6D79F1B}.Release|Any CPU.Build.0 = Release|Any CPU
		{96779465-776E-77A5-0867-867F88CF15BC}.Debug|Any CPU.ActiveCfg = Debug|Any CPU
		{96779465-776E-77A5-0867-867F88CF15BC}.Debug|Any CPU.Build.0 = Debug|Any CPU
		{96779465-776E-77A5-0867-867F88CF15BC}.Release|Any CPU.ActiveCfg = Release|Any CPU
		{96779465-776E-77A5-0867-867F88CF15BC}.Release|Any CPU.Build.0 = Release|Any CPU
		{B3894FC4-7563-CBFD-6E49-7419C762A8DC}.Debug|Any CPU.ActiveCfg = Debug|Any CPU
		{B3894FC4-7563-CBFD-6E49-7419C762A8DC}.Debug|Any CPU.Build.0 = Debug|Any CPU
		{B3894FC4-7563-CBFD-6E49-7419C762A8DC}.Release|Any CPU.ActiveCfg = Release|Any CPU
		{B3894FC4-7563-CBFD-6E49-7419C762A8DC}.Release|Any CPU.Build.0 = Release|Any CPU
		{BE110401-24C0-9B17-0227-51C63F2222BB}.Debug|Any CPU.ActiveCfg = Debug|Any CPU
		{BE110401-24C0-9B17-0227-51C63F2222BB}.Debug|Any CPU.Build.0 = Debug|Any CPU
		{BE110401-24C0-9B17-0227-51C63F2222BB}.Release|Any CPU.ActiveCfg = Release|Any CPU
		{BE110401-24C0-9B17-0227-51C63F2222BB}.Release|Any CPU.Build.0 = Release|Any CPU
		{36D1C858-943D-1751-A3AE-F810ED972D4D}.Debug|Any CPU.ActiveCfg = Debug|Any CPU
		{36D1C858-943D-1751-A3AE-F810ED972D4D}.Debug|Any CPU.Build.0 = Debug|Any CPU
		{36D1C858-943D-1751-A3AE-F810ED972D4D}.Release|Any CPU.ActiveCfg = Release|Any CPU
		{36D1C858-943D-1751-A3AE-F810ED972D4D}.Release|Any CPU.Build.0 = Release|Any CPU
	EndGlobalSection
	GlobalSection(SolutionProperties) = preSolution
		HideSolutionNode = FALSE
	EndGlobalSection
EndGlobal
